// !$*UTF8*$!
{
	archiveVersion = 1;
	classes = {
	};
	objectVersion = 77;
	objects = {

/* Begin PBXContainerItemProxy section */
		0BCEFC9D2CB038E900E3918D /* PBXContainerItemProxy */ = {
			isa = PBXContainerItemProxy;
			containerPortal = 0BCEFC842CB038E700E3918D /* Project object */;
			proxyType = 1;
			remoteGlobalIDString = 0BCEFC8B2CB038E700E3918D;
			remoteInfo = BirdDiary;
		};
		0BCEFCA72CB038E900E3918D /* PBXContainerItemProxy */ = {
			isa = PBXContainerItemProxy;
			containerPortal = 0BCEFC842CB038E700E3918D /* Project object */;
			proxyType = 1;
			remoteGlobalIDString = 0BCEFC8B2CB038E700E3918D;
			remoteInfo = BirdDiary;
		};
/* End PBXContainerItemProxy section */

/* Begin PBXFileReference section */
		0B1797E12D85797B00CF27BE /* BirdDiary.xcodeproj */ = {isa = PBXFileReference; lastKnownFileType = "wrapper.pb-project"; name = BirdDiary.xcodeproj; path = /Users/ki/Swift/BirdDiary/BirdDiary.xcodeproj; sourceTree = "<absolute>"; };
		0BCEFC8C2CB038E700E3918D /* BirdDiary.app */ = {isa = PBXFileReference; explicitFileType = wrapper.application; includeInIndex = 0; path = BirdDiary.app; sourceTree = BUILT_PRODUCTS_DIR; };
		0BCEFC9C2CB038E900E3918D /* BirdDiaryTests.xctest */ = {isa = PBXFileReference; explicitFileType = wrapper.cfbundle; includeInIndex = 0; path = BirdDiaryTests.xctest; sourceTree = BUILT_PRODUCTS_DIR; };
		0BCEFCA62CB038E900E3918D /* BirdDiaryUITests.xctest */ = {isa = PBXFileReference; explicitFileType = wrapper.cfbundle; includeInIndex = 0; path = BirdDiaryUITests.xctest; sourceTree = BUILT_PRODUCTS_DIR; };
/* End PBXFileReference section */

/* Begin PBXFileSystemSynchronizedBuildFileExceptionSet section */
		0B8C3FF02D5387B1007ADB59 /* Exceptions for "BirdDiary" folder in "BirdDiary" target */ = {
			isa = PBXFileSystemSynchronizedBuildFileExceptionSet;
			membershipExceptions = (
				Info.plist,
			);
			target = 0BCEFC8B2CB038E700E3918D /* BirdDiary */;
		};
/* End PBXFileSystemSynchronizedBuildFileExceptionSet section */

/* Begin PBXFileSystemSynchronizedRootGroup section */
		0BCEFC8E2CB038E700E3918D /* BirdDiary */ = {
			isa = PBXFileSystemSynchronizedRootGroup;
			exceptions = (
				0B8C3FF02D5387B1007ADB59 /* Exceptions for "BirdDiary" folder in "BirdDiary" target */,
			);
			path = BirdDiary;
			sourceTree = "<group>";
		};
		0BCEFC9F2CB038E900E3918D /* BirdDiaryTests */ = {
			isa = PBXFileSystemSynchronizedRootGroup;
			path = BirdDiaryTests;
			sourceTree = "<group>";
		};
		0BCEFCA92CB038E900E3918D /* BirdDiaryUITests */ = {
			isa = PBXFileSystemSynchronizedRootGroup;
			path = BirdDiaryUITests;
			sourceTree = "<group>";
		};
/* End PBXFileSystemSynchronizedRootGroup section */

/* Begin PBXFrameworksBuildPhase section */
		0BCEFC892CB038E700E3918D /* Frameworks */ = {
			isa = PBXFrameworksBuildPhase;
			buildActionMask = 2147483647;
			files = (
			);
			runOnlyForDeploymentPostprocessing = 0;
		};
		0BCEFC992CB038E900E3918D /* Frameworks */ = {
			isa = PBXFrameworksBuildPhase;
			buildActionMask = 2147483647;
			files = (
			);
			runOnlyForDeploymentPostprocessing = 0;
		};
		0BCEFCA32CB038E900E3918D /* Frameworks */ = {
			isa = PBXFrameworksBuildPhase;
			buildActionMask = 2147483647;
			files = (
			);
			runOnlyForDeploymentPostprocessing = 0;
		};
/* End PBXFrameworksBuildPhase section */

/* Begin PBXGroup section */
		0B1797E42D85797B00CF27BE /* Products */ = {
			isa = PBXGroup;
			children = (
			);
			name = Products;
			sourceTree = "<group>";
		};
		0BCEFC832CB038E700E3918D = {
			isa = PBXGroup;
			children = (
				0B1797E12D85797B00CF27BE /* BirdDiary.xcodeproj */,
				0BCEFC8E2CB038E700E3918D /* BirdDiary */,
				0BCEFC9F2CB038E900E3918D /* BirdDiaryTests */,
				0BCEFCA92CB038E900E3918D /* BirdDiaryUITests */,
				0BCEFC8D2CB038E700E3918D /* Products */,
			);
			sourceTree = "<group>";
		};
		0BCEFC8D2CB038E700E3918D /* Products */ = {
			isa = PBXGroup;
			children = (
				0BCEFC8C2CB038E700E3918D /* BirdDiary.app */,
				0BCEFC9C2CB038E900E3918D /* BirdDiaryTests.xctest */,
				0BCEFCA62CB038E900E3918D /* BirdDiaryUITests.xctest */,
			);
			name = Products;
			sourceTree = "<group>";
		};
/* End PBXGroup section */

/* Begin PBXNativeTarget section */
		0BCEFC8B2CB038E700E3918D /* BirdDiary */ = {
			isa = PBXNativeTarget;
			buildConfigurationList = 0BCEFCB02CB038E900E3918D /* Build configuration list for PBXNativeTarget "BirdDiary" */;
			buildPhases = (
				0BCEFC882CB038E700E3918D /* Sources */,
				0BCEFC892CB038E700E3918D /* Frameworks */,
				0BCEFC8A2CB038E700E3918D /* Resources */,
			);
			buildRules = (
			);
			dependencies = (
			);
			fileSystemSynchronizedGroups = (
				0BCEFC8E2CB038E700E3918D /* BirdDiary */,
			);
			name = BirdDiary;
			packageProductDependencies = (
			);
			productName = BirdDiary;
			productReference = 0BCEFC8C2CB038E700E3918D /* BirdDiary.app */;
			productType = "com.apple.product-type.application";
		};
		0BCEFC9B2CB038E900E3918D /* BirdDiaryTests */ = {
			isa = PBXNativeTarget;
			buildConfigurationList = 0BCEFCB32CB038E900E3918D /* Build configuration list for PBXNativeTarget "BirdDiaryTests" */;
			buildPhases = (
				0BCEFC982CB038E900E3918D /* Sources */,
				0BCEFC992CB038E900E3918D /* Frameworks */,
				0BCEFC9A2CB038E900E3918D /* Resources */,
			);
			buildRules = (
			);
			dependencies = (
				0BCEFC9E2CB038E900E3918D /* PBXTargetDependency */,
			);
			fileSystemSynchronizedGroups = (
				0BCEFC9F2CB038E900E3918D /* BirdDiaryTests */,
			);
			name = BirdDiaryTests;
			packageProductDependencies = (
			);
			productName = BirdDiaryTests;
			productReference = 0BCEFC9C2CB038E900E3918D /* BirdDiaryTests.xctest */;
			productType = "com.apple.product-type.bundle.unit-test";
		};
		0BCEFCA52CB038E900E3918D /* BirdDiaryUITests */ = {
			isa = PBXNativeTarget;
			buildConfigurationList = 0BCEFCB62CB038E900E3918D /* Build configuration list for PBXNativeTarget "BirdDiaryUITests" */;
			buildPhases = (
				0BCEFCA22CB038E900E3918D /* Sources */,
				0BCEFCA32CB038E900E3918D /* Frameworks */,
				0BCEFCA42CB038E900E3918D /* Resources */,
			);
			buildRules = (
			);
			dependencies = (
				0BCEFCA82CB038E900E3918D /* PBXTargetDependency */,
			);
			fileSystemSynchronizedGroups = (
				0BCEFCA92CB038E900E3918D /* BirdDiaryUITests */,
			);
			name = BirdDiaryUITests;
			packageProductDependencies = (
			);
			productName = BirdDiaryUITests;
			productReference = 0BCEFCA62CB038E900E3918D /* BirdDiaryUITests.xctest */;
			productType = "com.apple.product-type.bundle.ui-testing";
		};
/* End PBXNativeTarget section */

/* Begin PBXProject section */
		0BCEFC842CB038E700E3918D /* Project object */ = {
			isa = PBXProject;
			attributes = {
				BuildIndependentTargetsInParallel = 1;
				LastSwiftUpdateCheck = 1600;
				LastUpgradeCheck = 1600;
				TargetAttributes = {
					0BCEFC8B2CB038E700E3918D = {
						CreatedOnToolsVersion = 16.0;
					};
					0BCEFC9B2CB038E900E3918D = {
						CreatedOnToolsVersion = 16.0;
						TestTargetID = 0BCEFC8B2CB038E700E3918D;
					};
					0BCEFCA52CB038E900E3918D = {
						CreatedOnToolsVersion = 16.0;
						TestTargetID = 0BCEFC8B2CB038E700E3918D;
					};
				};
			};
			buildConfigurationList = 0BCEFC872CB038E700E3918D /* Build configuration list for PBXProject "BirdDiary" */;
			developmentRegion = en;
			hasScannedForEncodings = 0;
			knownRegions = (
				en,
				Base,
			);
			mainGroup = 0BCEFC832CB038E700E3918D;
			minimizedProjectReferenceProxies = 1;
			preferredProjectObjectVersion = 77;
			productRefGroup = 0BCEFC8D2CB038E700E3918D /* Products */;
			projectDirPath = "";
			projectReferences = (
				{
					ProductGroup = 0B1797E42D85797B00CF27BE /* Products */;
					ProjectRef = 0B1797E12D85797B00CF27BE /* BirdDiary.xcodeproj */;
				},
			);
			projectRoot = "";
			targets = (
				0BCEFC8B2CB038E700E3918D /* BirdDiary */,
				0BCEFC9B2CB038E900E3918D /* BirdDiaryTests */,
				0BCEFCA52CB038E900E3918D /* BirdDiaryUITests */,
			);
		};
/* End PBXProject section */

/* Begin PBXResourcesBuildPhase section */
		0BCEFC8A2CB038E700E3918D /* Resources */ = {
			isa = PBXResourcesBuildPhase;
			buildActionMask = 2147483647;
			files = (
			);
			runOnlyForDeploymentPostprocessing = 0;
		};
		0BCEFC9A2CB038E900E3918D /* Resources */ = {
			isa = PBXResourcesBuildPhase;
			buildActionMask = 2147483647;
			files = (
			);
			runOnlyForDeploymentPostprocessing = 0;
		};
		0BCEFCA42CB038E900E3918D /* Resources */ = {
			isa = PBXResourcesBuildPhase;
			buildActionMask = 2147483647;
			files = (
			);
			runOnlyForDeploymentPostprocessing = 0;
		};
/* End PBXResourcesBuildPhase section */

/* Begin PBXSourcesBuildPhase section */
		0BCEFC882CB038E700E3918D /* Sources */ = {
			isa = PBXSourcesBuildPhase;
			buildActionMask = 2147483647;
			files = (
			);
			runOnlyForDeploymentPostprocessing = 0;
		};
		0BCEFC982CB038E900E3918D /* Sources */ = {
			isa = PBXSourcesBuildPhase;
			buildActionMask = 2147483647;
			files = (
			);
			runOnlyForDeploymentPostprocessing = 0;
		};
		0BCEFCA22CB038E900E3918D /* Sources */ = {
			isa = PBXSourcesBuildPhase;
			buildActionMask = 2147483647;
			files = (
			);
			runOnlyForDeploymentPostprocessing = 0;
		};
/* End PBXSourcesBuildPhase section */

/* Begin PBXTargetDependency section */
		0BCEFC9E2CB038E900E3918D /* PBXTargetDependency */ = {
			isa = PBXTargetDependency;
			target = 0BCEFC8B2CB038E700E3918D /* BirdDiary */;
			targetProxy = 0BCEFC9D2CB038E900E3918D /* PBXContainerItemProxy */;
		};
		0BCEFCA82CB038E900E3918D /* PBXTargetDependency */ = {
			isa = PBXTargetDependency;
			target = 0BCEFC8B2CB038E700E3918D /* BirdDiary */;
			targetProxy = 0BCEFCA72CB038E900E3918D /* PBXContainerItemProxy */;
		};
/* End PBXTargetDependency section */

/* Begin XCBuildConfiguration section */
		0BCEFCAE2CB038E900E3918D /* Debug */ = {
			isa = XCBuildConfiguration;
			buildSettings = {
				ALWAYS_SEARCH_USER_PATHS = NO;
				ASSETCATALOG_COMPILER_GENERATE_SWIFT_ASSET_SYMBOL_EXTENSIONS = YES;
				CLANG_ANALYZER_NONNULL = YES;
				CLANG_ANALYZER_NUMBER_OBJECT_CONVERSION = YES_AGGRESSIVE;
				CLANG_CXX_LANGUAGE_STANDARD = "gnu++20";
				CLANG_ENABLE_MODULES = YES;
				CLANG_ENABLE_OBJC_ARC = YES;
				CLANG_ENABLE_OBJC_WEAK = YES;
				CLANG_WARN_BLOCK_CAPTURE_AUTORELEASING = YES;
				CLANG_WARN_BOOL_CONVERSION = YES;
				CLANG_WARN_COMMA = YES;
				CLANG_WARN_CONSTANT_CONVERSION = YES;
				CLANG_WARN_DEPRECATED_OBJC_IMPLEMENTATIONS = YES;
				CLANG_WARN_DIRECT_OBJC_ISA_USAGE = YES_ERROR;
				CLANG_WARN_DOCUMENTATION_COMMENTS = YES;
				CLANG_WARN_EMPTY_BODY = YES;
				CLANG_WARN_ENUM_CONVERSION = YES;
				CLANG_WARN_INFINITE_RECURSION = YES;
				CLANG_WARN_INT_CONVERSION = YES;
				CLANG_WARN_NON_LITERAL_NULL_CONVERSION = YES;
				CLANG_WARN_OBJC_IMPLICIT_RETAIN_SELF = YES;
				CLANG_WARN_OBJC_LITERAL_CONVERSION = YES;
				CLANG_WARN_OBJC_ROOT_CLASS = YES_ERROR;
				CLANG_WARN_QUOTED_INCLUDE_IN_FRAMEWORK_HEADER = YES;
				CLANG_WARN_RANGE_LOOP_ANALYSIS = YES;
				CLANG_WARN_STRICT_PROTOTYPES = YES;
				CLANG_WARN_SUSPICIOUS_MOVE = YES;
				CLANG_WARN_UNGUARDED_AVAILABILITY = YES_AGGRESSIVE;
				CLANG_WARN_UNREACHABLE_CODE = YES;
				CLANG_WARN__DUPLICATE_METHOD_MATCH = YES;
				COPY_PHASE_STRIP = NO;
				DEBUG_INFORMATION_FORMAT = dwarf;
				ENABLE_STRICT_OBJC_MSGSEND = YES;
				ENABLE_TESTABILITY = YES;
				ENABLE_USER_SCRIPT_SANDBOXING = YES;
				GCC_C_LANGUAGE_STANDARD = gnu17;
				GCC_DYNAMIC_NO_PIC = NO;
				GCC_NO_COMMON_BLOCKS = YES;
				GCC_OPTIMIZATION_LEVEL = 0;
				GCC_PREPROCESSOR_DEFINITIONS = (
					"DEBUG=1",
					"$(inherited)",
				);
				GCC_WARN_64_TO_32_BIT_CONVERSION = YES;
				GCC_WARN_ABOUT_RETURN_TYPE = YES_ERROR;
				GCC_WARN_UNDECLARED_SELECTOR = YES;
				GCC_WARN_UNINITIALIZED_AUTOS = YES_AGGRESSIVE;
				GCC_WARN_UNUSED_FUNCTION = YES;
				GCC_WARN_UNUSED_VARIABLE = YES;
				IPHONEOS_DEPLOYMENT_TARGET = 18.0;
				LOCALIZATION_PREFERS_STRING_CATALOGS = YES;
				MTL_ENABLE_DEBUG_INFO = INCLUDE_SOURCE;
				MTL_FAST_MATH = YES;
				ONLY_ACTIVE_ARCH = YES;
				SDKROOT = iphoneos;
				SWIFT_ACTIVE_COMPILATION_CONDITIONS = "DEBUG $(inherited)";
				SWIFT_OPTIMIZATION_LEVEL = "-Onone";
			};
			name = Debug;
		};
		0BCEFCAF2CB038E900E3918D /* Release */ = {
			isa = XCBuildConfiguration;
			buildSettings = {
				ALWAYS_SEARCH_USER_PATHS = NO;
				ASSETCATALOG_COMPILER_GENERATE_SWIFT_ASSET_SYMBOL_EXTENSIONS = YES;
				CLANG_ANALYZER_NONNULL = YES;
				CLANG_ANALYZER_NUMBER_OBJECT_CONVERSION = YES_AGGRESSIVE;
				CLANG_CXX_LANGUAGE_STANDARD = "gnu++20";
				CLANG_ENABLE_MODULES = YES;
				CLANG_ENABLE_OBJC_ARC = YES;
				CLANG_ENABLE_OBJC_WEAK = YES;
				CLANG_WARN_BLOCK_CAPTURE_AUTORELEASING = YES;
				CLANG_WARN_BOOL_CONVERSION = YES;
				CLANG_WARN_COMMA = YES;
				CLANG_WARN_CONSTANT_CONVERSION = YES;
				CLANG_WARN_DEPRECATED_OBJC_IMPLEMENTATIONS = YES;
				CLANG_WARN_DIRECT_OBJC_ISA_USAGE = YES_ERROR;
				CLANG_WARN_DOCUMENTATION_COMMENTS = YES;
				CLANG_WARN_EMPTY_BODY = YES;
				CLANG_WARN_ENUM_CONVERSION = YES;
				CLANG_WARN_INFINITE_RECURSION = YES;
				CLANG_WARN_INT_CONVERSION = YES;
				CLANG_WARN_NON_LITERAL_NULL_CONVERSION = YES;
				CLANG_WARN_OBJC_IMPLICIT_RETAIN_SELF = YES;
				CLANG_WARN_OBJC_LITERAL_CONVERSION = YES;
				CLANG_WARN_OBJC_ROOT_CLASS = YES_ERROR;
				CLANG_WARN_QUOTED_INCLUDE_IN_FRAMEWORK_HEADER = YES;
				CLANG_WARN_RANGE_LOOP_ANALYSIS = YES;
				CLANG_WARN_STRICT_PROTOTYPES = YES;
				CLANG_WARN_SUSPICIOUS_MOVE = YES;
				CLANG_WARN_UNGUARDED_AVAILABILITY = YES_AGGRESSIVE;
				CLANG_WARN_UNREACHABLE_CODE = YES;
				CLANG_WARN__DUPLICATE_METHOD_MATCH = YES;
				COPY_PHASE_STRIP = NO;
				DEBUG_INFORMATION_FORMAT = "dwarf-with-dsym";
				ENABLE_NS_ASSERTIONS = NO;
				ENABLE_STRICT_OBJC_MSGSEND = YES;
				ENABLE_USER_SCRIPT_SANDBOXING = YES;
				GCC_C_LANGUAGE_STANDARD = gnu17;
				GCC_NO_COMMON_BLOCKS = YES;
				GCC_WARN_64_TO_32_BIT_CONVERSION = YES;
				GCC_WARN_ABOUT_RETURN_TYPE = YES_ERROR;
				GCC_WARN_UNDECLARED_SELECTOR = YES;
				GCC_WARN_UNINITIALIZED_AUTOS = YES_AGGRESSIVE;
				GCC_WARN_UNUSED_FUNCTION = YES;
				GCC_WARN_UNUSED_VARIABLE = YES;
				IPHONEOS_DEPLOYMENT_TARGET = 18.0;
				LOCALIZATION_PREFERS_STRING_CATALOGS = YES;
				MTL_ENABLE_DEBUG_INFO = NO;
				MTL_FAST_MATH = YES;
				SDKROOT = iphoneos;
				SWIFT_COMPILATION_MODE = wholemodule;
				VALIDATE_PRODUCT = YES;
			};
			name = Release;
		};
		0BCEFCB12CB038E900E3918D /* Debug */ = {
			isa = XCBuildConfiguration;
			buildSettings = {
				ASSETCATALOG_COMPILER_APPICON_NAME = AppIcon;
				ASSETCATALOG_COMPILER_GLOBAL_ACCENT_COLOR_NAME = AccentColor;
				CODE_SIGN_STYLE = Automatic;
				CURRENT_PROJECT_VERSION = 1;
				DEVELOPMENT_ASSET_PATHS = "\"BirdDiary/Preview Content\"";
				DEVELOPMENT_TEAM = M7YVKQXLDL;
				ENABLE_PREVIEWS = YES;
				GENERATE_INFOPLIST_FILE = YES;
				INFOPLIST_FILE = BirdDiary/Info.plist;
				INFOPLIST_KEY_CFBundleDisplayName = "鳥日記";
				INFOPLIST_KEY_UIApplicationSceneManifest_Generation = YES;
				INFOPLIST_KEY_UIApplicationSupportsIndirectInputEvents = YES;
				INFOPLIST_KEY_UILaunchScreen_Generation = YES;
				INFOPLIST_KEY_UISupportedInterfaceOrientations_iPad = "UIInterfaceOrientationPortrait UIInterfaceOrientationPortraitUpsideDown UIInterfaceOrientationLandscapeLeft UIInterfaceOrientationLandscapeRight";
				INFOPLIST_KEY_UISupportedInterfaceOrientations_iPhone = "UIInterfaceOrientationPortrait UIInterfaceOrientationLandscapeLeft UIInterfaceOrientationLandscapeRight";
				LD_RUNPATH_SEARCH_PATHS = (
					"$(inherited)",
					"@executable_path/Frameworks",
				);
				MARKETING_VERSION = 1.0;
				PRODUCT_BUNDLE_IDENTIFIER = com.koheiishii.BirdDiary;
				PRODUCT_NAME = "$(TARGET_NAME)";
				SWIFT_EMIT_LOC_STRINGS = YES;
				SWIFT_VERSION = 5.0;
				TARGETED_DEVICE_FAMILY = "1,2";
			};
			name = Debug;
		};
		0BCEFCB22CB038E900E3918D /* Release */ = {
			isa = XCBuildConfiguration;
			buildSettings = {
				ASSETCATALOG_COMPILER_APPICON_NAME = AppIcon;
				ASSETCATALOG_COMPILER_GLOBAL_ACCENT_COLOR_NAME = AccentColor;
				CODE_SIGN_STYLE = Automatic;
				CURRENT_PROJECT_VERSION = 1;
				DEVELOPMENT_ASSET_PATHS = "\"BirdDiary/Preview Content\"";
				DEVELOPMENT_TEAM = M7YVKQXLDL;
				ENABLE_PREVIEWS = YES;
				GENERATE_INFOPLIST_FILE = YES;
				INFOPLIST_FILE = BirdDiary/Info.plist;
				INFOPLIST_KEY_CFBundleDisplayName = "鳥日記";
				INFOPLIST_KEY_UIApplicationSceneManifest_Generation = YES;
				INFOPLIST_KEY_UIApplicationSupportsIndirectInputEvents = YES;
				INFOPLIST_KEY_UILaunchScreen_Generation = YES;
				INFOPLIST_KEY_UISupportedInterfaceOrientations_iPad = "UIInterfaceOrientationPortrait UIInterfaceOrientationPortraitUpsideDown UIInterfaceOrientationLandscapeLeft UIInterfaceOrientationLandscapeRight";
				INFOPLIST_KEY_UISupportedInterfaceOrientations_iPhone = "UIInterfaceOrientationPortrait UIInterfaceOrientationLandscapeLeft UIInterfaceOrientationLandscapeRight";
				LD_RUNPATH_SEARCH_PATHS = (
					"$(inherited)",
					"@executable_path/Frameworks",
				);
				MARKETING_VERSION = 1.0;
				PRODUCT_BUNDLE_IDENTIFIER = com.koheiishii.BirdDiary;
				PRODUCT_NAME = "$(TARGET_NAME)";
				SWIFT_EMIT_LOC_STRINGS = YES;
				SWIFT_VERSION = 5.0;
				TARGETED_DEVICE_FAMILY = "1,2";
			};
			name = Release;
		};
		0BCEFCB42CB038E900E3918D /* Debug */ = {
			isa = XCBuildConfiguration;
			buildSettings = {
				BUNDLE_LOADER = "$(TEST_HOST)";
				CODE_SIGN_STYLE = Automatic;
				CURRENT_PROJECT_VERSION = 1;
				DEVELOPMENT_TEAM = M7YVKQXLDL;
				GENERATE_INFOPLIST_FILE = YES;
				IPHONEOS_DEPLOYMENT_TARGET = 18.0;
				MARKETING_VERSION = 1.0;
				PRODUCT_BUNDLE_IDENTIFIER = com.koheiishii.BirdDiaryTests;
				PRODUCT_NAME = "$(TARGET_NAME)";
				SWIFT_EMIT_LOC_STRINGS = NO;
				SWIFT_VERSION = 5.0;
				TARGETED_DEVICE_FAMILY = "1,2";
				TEST_HOST = "$(BUILT_PRODUCTS_DIR)/BirdDiary.app/$(BUNDLE_EXECUTABLE_FOLDER_PATH)/BirdDiary";
			};
			name = Debug;
		};
		0BCEFCB52CB038E900E3918D /* Release */ = {
			isa = XCBuildConfiguration;
			buildSettings = {
				BUNDLE_LOADER = "$(TEST_HOST)";
				CODE_SIGN_STYLE = Automatic;
				CURRENT_PROJECT_VERSION = 1;
				DEVELOPMENT_TEAM = M7YVKQXLDL;
				GENERATE_INFOPLIST_FILE = YES;
				IPHONEOS_DEPLOYMENT_TARGET = 18.0;
				MARKETING_VERSION = 1.0;
				PRODUCT_BUNDLE_IDENTIFIER = com.koheiishii.BirdDiaryTests;
				PRODUCT_NAME = "$(TARGET_NAME)";
				SWIFT_EMIT_LOC_STRINGS = NO;
				SWIFT_VERSION = 5.0;
				TARGETED_DEVICE_FAMILY = "1,2";
				TEST_HOST = "$(BUILT_PRODUCTS_DIR)/BirdDiary.app/$(BUNDLE_EXECUTABLE_FOLDER_PATH)/BirdDiary";
			};
			name = Release;
		};
		0BCEFCB72CB038E900E3918D /* Debug */ = {
			isa = XCBuildConfiguration;
			buildSettings = {
				CODE_SIGN_STYLE = Automatic;
				CURRENT_PROJECT_VERSION = 1;
				DEVELOPMENT_TEAM = M7YVKQXLDL;
				GENERATE_INFOPLIST_FILE = YES;
				MARKETING_VERSION = 1.0;
				PRODUCT_BUNDLE_IDENTIFIER = com.koheiishii.BirdDiaryUITests;
				PRODUCT_NAME = "$(TARGET_NAME)";
				SWIFT_EMIT_LOC_STRINGS = NO;
				SWIFT_VERSION = 5.0;
				TARGETED_DEVICE_FAMILY = "1,2";
				TEST_TARGET_NAME = BirdDiary;
			};
			name = Debug;
		};
		0BCEFCB82CB038E900E3918D /* Release */ = {
			isa = XCBuildConfiguration;
			buildSettings = {
				CODE_SIGN_STYLE = Automatic;
				CURRENT_PROJECT_VERSION = 1;
				DEVELOPMENT_TEAM = M7YVKQXLDL;
				GENERATE_INFOPLIST_FILE = YES;
				MARKETING_VERSION = 1.0;
				PRODUCT_BUNDLE_IDENTIFIER = com.koheiishii.BirdDiaryUITests;
				PRODUCT_NAME = "$(TARGET_NAME)";
				SWIFT_EMIT_LOC_STRINGS = NO;
				SWIFT_VERSION = 5.0;
				TARGETED_DEVICE_FAMILY = "1,2";
				TEST_TARGET_NAME = BirdDiary;
			};
			name = Release;
		};
/* End XCBuildConfiguration section */

/* Begin XCConfigurationList section */
		0BCEFC872CB038E700E3918D /* Build configuration list for PBXProject "BirdDiary" */ = {
			isa = XCConfigurationList;
			buildConfigurations = (
				0BCEFCAE2CB038E900E3918D /* Debug */,
				0BCEFCAF2CB038E900E3918D /* Release */,
			);
			defaultConfigurationIsVisible = 0;
			defaultConfigurationName = Release;
		};
		0BCEFCB02CB038E900E3918D /* Build configuration list for PBXNativeTarget "BirdDiary" */ = {
			isa = XCConfigurationList;
			buildConfigurations = (
				0BCEFCB12CB038E900E3918D /* Debug */,
				0BCEFCB22CB038E900E3918D /* Release */,
			);
			defaultConfigurationIsVisible = 0;
			defaultConfigurationName = Release;
		};
		0BCEFCB32CB038E900E3918D /* Build configuration list for PBXNativeTarget "BirdDiaryTests" */ = {
			isa = XCConfigurationList;
			buildConfigurations = (
				0BCEFCB42CB038E900E3918D /* Debug */,
				0BCEFCB52CB038E900E3918D /* Release */,
			);
			defaultConfigurationIsVisible = 0;
			defaultConfigurationName = Release;
		};
		0BCEFCB62CB038E900E3918D /* Build configuration list for PBXNativeTarget "BirdDiaryUITests" */ = {
			isa = XCConfigurationList;
			buildConfigurations = (
				0BCEFCB72CB038E900E3918D /* Debug */,
				0BCEFCB82CB038E900E3918D /* Release */,
			);
			defaultConfigurationIsVisible = 0;
			defaultConfigurationName = Release;
		};
/* End XCConfigurationList section */
	};
	rootObject = 0BCEFC842CB038E700E3918D /* Project object */;
}
